
Microsoft Visual Studio Solution File, Format Version 12.00
# Visual Studio 14
VisualStudioVersion = 14.0.25420.1
MinimumVisualStudioVersion = 10.0.40219.1
Project("{FAE04EC0-301F-11D3-BF4B-00C04F79EFBC}") = "Console", "CRM_Pi\Console.csproj", "{A8BFD5C0-ABA0-437B-AE53-E0DF2567C146}"
EndProject
Project("{FAE04EC0-301F-11D3-BF4B-00C04F79EFBC}") = "Data", "Data\Data.csproj", "{567EDCF0-56D6-4AB9-BCD4-D8088668B390}"
EndProject
Project("{FAE04EC0-301F-11D3-BF4B-00C04F79EFBC}") = "Domain", "Domain\Domain.csproj", "{5F272011-DA81-4456-BC8B-29D99BCF2A9B}"
EndProject
Project("{FAE04EC0-301F-11D3-BF4B-00C04F79EFBC}") = "Service", "Service\Service.csproj", "{A56F980D-DBC0-4C88-ACAF-C0CF9420C4D7}"
EndProject
Project("{FAE04EC0-301F-11D3-BF4B-00C04F79EFBC}") = "ServicePattern", "ServicePattern\ServicePattern.csproj", "{13C2D9B3-7BE4-4172-A052-FBDB4F1E257D}"
EndProject
Project("{FAE04EC0-301F-11D3-BF4B-00C04F79EFBC}") = "Web", "Web\Web.csproj", "{C9413A2C-554A-4D5C-8B34-3703C70F5EDD}"
EndProject
Global
	GlobalSection(SolutionConfigurationPlatforms) = preSolution
		Debug|Any CPU = Debug|Any CPU
		Release|Any CPU = Release|Any CPU
	EndGlobalSection
	GlobalSection(ProjectConfigurationPlatforms) = postSolution
		{A8BFD5C0-ABA0-437B-AE53-E0DF2567C146}.Debug|Any CPU.ActiveCfg = Debug|Any CPU
		{A8BFD5C0-ABA0-437B-AE53-E0DF2567C146}.Debug|Any CPU.Build.0 = Debug|Any CPU
		{A8BFD5C0-ABA0-437B-AE53-E0DF2567C146}.Release|Any CPU.ActiveCfg = Release|Any CPU
		{A8BFD5C0-ABA0-437B-AE53-E0DF2567C146}.Release|Any CPU.Build.0 = Release|Any CPU
		{567EDCF0-56D6-4AB9-BCD4-D8088668B390}.Debug|Any CPU.ActiveCfg = Debug|Any CPU
		{567EDCF0-56D6-4AB9-BCD4-D8088668B390}.Debug|Any CPU.Build.0 = Debug|Any CPU
		{567EDCF0-56D6-4AB9-BCD4-D8088668B390}.Release|Any CPU.ActiveCfg = Release|Any CPU
		{567EDCF0-56D6-4AB9-BCD4-D8088668B390}.Release|Any CPU.Build.0 = Release|Any CPU
		{5F272011-DA81-4456-BC8B-29D99BCF2A9B}.Debug|Any CPU.ActiveCfg = Debug|Any CPU
		{5F272011-DA81-4456-BC8B-29D99BCF2A9B}.Debug|Any CPU.Build.0 = Debug|Any CPU
		{5F272011-DA81-4456-BC8B-29D99BCF2A9B}.Release|Any CPU.ActiveCfg = Release|Any CPU
		{5F272011-DA81-4456-BC8B-29D99BCF2A9B}.Release|Any CPU.Build.0 = Release|Any CPU
		{A56F980D-DBC0-4C88-ACAF-C0CF9420C4D7}.Debug|Any CPU.ActiveCfg = Debug|Any CPU
		{A56F980D-DBC0-4C88-ACAF-C0CF9420C4D7}.Debug|Any CPU.Build.0 = Debug|Any CPU
		{A56F980D-DBC0-4C88-ACAF-C0CF9420C4D7}.Release|Any CPU.ActiveCfg = Release|Any CPU
		{A56F980D-DBC0-4C88-ACAF-C0CF9420C4D7}.Release|Any CPU.Build.0 = Release|Any CPU
		{13C2D9B3-7BE4-4172-A052-FBDB4F1E257D}.Debug|Any CPU.ActiveCfg = Debug|Any CPU
		{13C2D9B3-7BE4-4172-A052-FBDB4F1E257D}.Debug|Any CPU.Build.0 = Debug|Any CPU
		{13C2D9B3-7BE4-4172-A052-FBDB4F1E257D}.Release|Any CPU.ActiveCfg = Release|Any CPU
		{13C2D9B3-7BE4-4172-A052-FBDB4F1E257D}.Release|Any CPU.Build.0 = Release|Any CPU
		{C9413A2C-554A-4D5C-8B34-3703C70F5EDD}.Debug|Any CPU.ActiveCfg = Debug|Any CPU
		{C9413A2C-554A-4D5C-8B34-3703C70F5EDD}.Debug|Any CPU.Build.0 = Debug|Any CPU
		{C9413A2C-554A-4D5C-8B34-3703C70F5EDD}.Release|Any CPU.ActiveCfg = Release|Any CPU
		{C9413A2C-554A-4D5C-8B34-3703C70F5EDD}.Release|Any CPU.Build.0 = Release|Any CPU
	EndGlobalSection
	GlobalSection(SolutionProperties) = preSolution
		HideSolutionNode = FALSE
	EndGlobalSection
EndGlobal
